payload:
- DOMAIN-SUFFIX,abema.tv
- DOMAIN-SUFFIX,dmm.com
- DOMAIN-SUFFIX,dmm.co.jp
- DOMAIN-SUFFIX,nicovideo.jp
- DOMAIN-SUFFIX,niconico.com
- DOMAIN-SUFFIX,pixiv.net
- DOMAIN-SUFFIX,fanbox.cc
- DOMAIN-SUFFIX,booth.pm
- DOMAIN-SUFFIX,dlsite.com
- DOMAIN-SUFFIX,animate-onlineshop.jp
- DOMAIN-KEYWORD,caribbeancom
- DOMAIN-KEYWORD,dmm
- DOMAIN-KEYWORD,fc2
- DOMAIN-KEYWORD,mgstage
- DOMAIN-KEYWORD,7mmtv
- DOMAIN-KEYWORD,missav123
